<?xml version="1.0" encoding="utf-8"?>
<Project ToolsVersion="4.0" xmlns="http://schemas.microsoft.com/developer/msbuild/2003">
  <ItemGroup>
    <Filter Include="ソース ファイル">
      <UniqueIdentifier>{4FC737F1-C7A5-4376-A066-2A32D752A2FF}</UniqueIdentifier>
      <Extensions>cpp;c;cc;cxx;c++;cppm;ixx;def;odl;idl;hpj;bat;asm;asmx</Extensions>
    </Filter>
    <Filter Include="ヘッダー ファイル">
      <UniqueIdentifier>{93995380-89BD-4b04-88EB-625FBE52EBFB}</UniqueIdentifier>
      <Extensions>h;hh;hpp;hxx;h++;hm;inl;inc;ipp;xsd</Extensions>
    </Filter>
    <Filter Include="リソース ファイル">
      <UniqueIdentifier>{67DA6AB6-F800-4c08-8B7A-83BB121AAD01}</UniqueIdentifier>
      <Extensions>rc;ico;cur;bmp;dlg;rc2;rct;bin;rgs;gif;jpg;jpeg;jpe;resx;tiff;tif;png;wav;mfcribbon-ms</Extensions>
    </Filter>
  </ItemGroup>
  <ItemGroup>
    <ClCompile Include="engine.cpp">
      <Filter>ソース ファイル</Filter>
    </ClCompile>
    <ClCompile Include="IntMap.cpp">
      <Filter>ソース ファイル</Filter>
    </ClCompile>
    <ClCompile Include="main.cpp">
      <Filter>ソース ファイル</Filter>
    </ClCompile>
    <ClCompile Include="prog.cpp">
      <Filter>ソース ファイル</Filter>
    </ClCompile>
    <ClCompile Include="toks.cpp">
      <Filter>ソース ファイル</Filter>
    </ClCompile>
    <ClCompile Include="Object.cpp">
      <Filter>ソース ファイル</Filter>
    </ClCompile>
    <ClCompile Include="spine.cpp">
      <Filter>ソース ファイル</Filter>
    </ClCompile>
    <ClCompile Include="clause.cpp">
      <Filter>ソース ファイル</Filter>
    </ClCompile>
    <ClCompile Include="CellStack.cpp">
      <Filter>ソース ファイル</Filter>
    </ClCompile>
    <ClCompile Include="CellList.cpp">
      <Filter>ソース ファイル</Filter>
    </ClCompile>
    <ClCompile Include="index.cpp">
      <Filter>ソース ファイル</Filter>
    </ClCompile>
    <ClCompile Include="IMap.cpp">
      <Filter>ソース ファイル</Filter>
    </ClCompile>
    <ClCompile Include="FastUtil.cpp">
      <Filter>ソース ファイル</Filter>
    </ClCompile>
  </ItemGroup>
  <ItemGroup>
    <ClInclude Include="defs.h">
      <Filter>ソース ファイル</Filter>
    </ClInclude>
    <ClInclude Include="Engine.h">
      <Filter>ソース ファイル</Filter>
    </ClInclude>
    <ClInclude Include="IMap.h">
      <Filter>ソース ファイル</Filter>
    </ClInclude>
    <ClInclude Include="IntMap.h">
      <Filter>ソース ファイル</Filter>
    </ClInclude>
    <ClInclude Include="prog.h">
      <Filter>ソース ファイル</Filter>
    </ClInclude>
    <ClInclude Include="cell.h">
      <Filter>ソース ファイル</Filter>
    </ClInclude>
    <ClInclude Include="Object.h">
      <Filter>ソース ファイル</Filter>
    </ClInclude>
    <ClInclude Include="toks.h">
      <Filter>ソース ファイル</Filter>
    </ClInclude>
    <ClInclude Include="spine.h">
      <Filter>ソース ファイル</Filter>
    </ClInclude>
    <ClInclude Include="clause.h">
      <Filter>ソース ファイル</Filter>
    </ClInclude>
    <ClInclude Include="Integer.h">
      <Filter>ソース ファイル</Filter>
    </ClInclude>
    <ClInclude Include="CellList.h">
      <Filter>ソース ファイル</Filter>
    </ClInclude>
    <ClInclude Include="CellStack.h">
      <Filter>ソース ファイル</Filter>
    </ClInclude>
    <ClInclude Include="index.h">
      <Filter>ソース ファイル</Filter>
    </ClInclude>
    <ClInclude Include="FastUtil.h">
      <Filter>ソース ファイル</Filter>
    </ClInclude>
    <ClInclude Include="Inty.h">
      <Filter>ソース ファイル</Filter>
    </ClInclude>
    <ClInclude Include="RelocStack.h">
      <Filter>ソース ファイル</Filter>
    </ClInclude>
  </ItemGroup>
</Project>